
Microsoft Visual Studio Solution File, Format Version 12.00
# Visual Studio 15
VisualStudioVersion = 15.0.26124.0
MinimumVisualStudioVersion = 15.0.26124.0
Project("{FAE04EC0-301F-11D3-BF4B-00C04F79EFBC}") = "OSDP.Net", "OSDP.Net\OSDP.Net.csproj", "{50AC5FD2-8C50-48E4-AC4E-4A275D0A879E}"
EndProject
Project("{FAE04EC0-301F-11D3-BF4B-00C04F79EFBC}") = "Console", "Console\Console.csproj", "{182D66E4-7909-4B18-AF01-BF0FE8B932BC}"
EndProject
Project("{FAE04EC0-301F-11D3-BF4B-00C04F79EFBC}") = "OSDP.Net.Tests", "OSDP.Net.Tests\OSDP.Net.Tests.csproj", "{0018DA90-BBB2-491D-A6C3-086F21D7C29A}"
EndProject
Project("{2150E333-8FDC-42A3-9474-1A3956D46DE8}") = "Settings", "Settings", "{5CE38FA4-377F-4C0D-A680-9CEA9A7CDBEE}"
ProjectSection(SolutionItems) = preProject
	..\azure-pipelines.yml = ..\azure-pipelines.yml
EndProjectSection
EndProject
Project("{2150E333-8FDC-42A3-9474-1A3956D46DE8}") = "Docs", "Docs", "{B304A16C-CA32-4692-9AED-D8886CC9184C}"
ProjectSection(SolutionItems) = preProject
	..\README.md = ..\README.md
	..\docs\supported_commands.md = ..\docs\supported_commands.md
	..\docs\powershell.md = ..\docs\powershell.md
	..\CODE_OF_CONDUCT.md = ..\CODE_OF_CONDUCT.md
EndProjectSection
EndProject
Project("{2150E333-8FDC-42A3-9474-1A3956D46DE8}") = "Samples", "Samples", "{A57B307A-A240-4F4F-A3A8-A078093B2809}"
EndProject
Project("{FAE04EC0-301F-11D3-BF4B-00C04F79EFBC}") = "PivDataReader", "samples\PivDataReader\PivDataReader.csproj", "{AC0ADC7D-3A78-4937-80B0-F8AA3B7B17BD}"
EndProject
Project("{FAE04EC0-301F-11D3-BF4B-00C04F79EFBC}") = "SmartCardSample", "samples\SmartCardSample\SmartCardSample.csproj", "{57B34D19-E2FF-4F5B-A031-7924E23DCFA5}"
EndProject
Global
	GlobalSection(SolutionConfigurationPlatforms) = preSolution
		Debug|Any CPU = Debug|Any CPU
		Debug|x64 = Debug|x64
		Debug|x86 = Debug|x86
		Release|Any CPU = Release|Any CPU
		Release|x64 = Release|x64
		Release|x86 = Release|x86
	EndGlobalSection
	GlobalSection(SolutionProperties) = preSolution
		HideSolutionNode = FALSE
	EndGlobalSection
	GlobalSection(ProjectConfigurationPlatforms) = postSolution
		{50AC5FD2-8C50-48E4-AC4E-4A275D0A879E}.Debug|Any CPU.ActiveCfg = Debug|Any CPU
		{50AC5FD2-8C50-48E4-AC4E-4A275D0A879E}.Debug|Any CPU.Build.0 = Debug|Any CPU
		{50AC5FD2-8C50-48E4-AC4E-4A275D0A879E}.Debug|x64.ActiveCfg = Debug|Any CPU
		{50AC5FD2-8C50-48E4-AC4E-4A275D0A879E}.Debug|x64.Build.0 = Debug|Any CPU
		{50AC5FD2-8C50-48E4-AC4E-4A275D0A879E}.Debug|x86.ActiveCfg = Debug|Any CPU
		{50AC5FD2-8C50-48E4-AC4E-4A275D0A879E}.Debug|x86.Build.0 = Debug|Any CPU
		{50AC5FD2-8C50-48E4-AC4E-4A275D0A879E}.Release|Any CPU.ActiveCfg = Release|Any CPU
		{50AC5FD2-8C50-48E4-AC4E-4A275D0A879E}.Release|Any CPU.Build.0 = Release|Any CPU
		{50AC5FD2-8C50-48E4-AC4E-4A275D0A879E}.Release|x64.ActiveCfg = Release|Any CPU
		{50AC5FD2-8C50-48E4-AC4E-4A275D0A879E}.Release|x64.Build.0 = Release|Any CPU
		{50AC5FD2-8C50-48E4-AC4E-4A275D0A879E}.Release|x86.ActiveCfg = Release|Any CPU
		{50AC5FD2-8C50-48E4-AC4E-4A275D0A879E}.Release|x86.Build.0 = Release|Any CPU
		{182D66E4-7909-4B18-AF01-BF0FE8B932BC}.Debug|Any CPU.ActiveCfg = Debug|Any CPU
		{182D66E4-7909-4B18-AF01-BF0FE8B932BC}.Debug|Any CPU.Build.0 = Debug|Any CPU
		{182D66E4-7909-4B18-AF01-BF0FE8B932BC}.Debug|x64.ActiveCfg = Debug|Any CPU
		{182D66E4-7909-4B18-AF01-BF0FE8B932BC}.Debug|x64.Build.0 = Debug|Any CPU
		{182D66E4-7909-4B18-AF01-BF0FE8B932BC}.Debug|x86.ActiveCfg = Debug|Any CPU
		{182D66E4-7909-4B18-AF01-BF0FE8B932BC}.Debug|x86.Build.0 = Debug|Any CPU
		{182D66E4-7909-4B18-AF01-BF0FE8B932BC}.Release|Any CPU.ActiveCfg = Release|Any CPU
		{182D66E4-7909-4B18-AF01-BF0FE8B932BC}.Release|Any CPU.Build.0 = Release|Any CPU
		{182D66E4-7909-4B18-AF01-BF0FE8B932BC}.Release|x64.ActiveCfg = Release|Any CPU
		{182D66E4-7909-4B18-AF01-BF0FE8B932BC}.Release|x64.Build.0 = Release|Any CPU
		{182D66E4-7909-4B18-AF01-BF0FE8B932BC}.Release|x86.ActiveCfg = Release|Any CPU
		{182D66E4-7909-4B18-AF01-BF0FE8B932BC}.Release|x86.Build.0 = Release|Any CPU
		{0018DA90-BBB2-491D-A6C3-086F21D7C29A}.Debug|Any CPU.ActiveCfg = Debug|Any CPU
		{0018DA90-BBB2-491D-A6C3-086F21D7C29A}.Debug|Any CPU.Build.0 = Debug|Any CPU
		{0018DA90-BBB2-491D-A6C3-086F21D7C29A}.Debug|x64.ActiveCfg = Debug|Any CPU
		{0018DA90-BBB2-491D-A6C3-086F21D7C29A}.Debug|x64.Build.0 = Debug|Any CPU
		{0018DA90-BBB2-491D-A6C3-086F21D7C29A}.Debug|x86.ActiveCfg = Debug|Any CPU
		{0018DA90-BBB2-491D-A6C3-086F21D7C29A}.Debug|x86.Build.0 = Debug|Any CPU
		{0018DA90-BBB2-491D-A6C3-086F21D7C29A}.Release|Any CPU.ActiveCfg = Release|Any CPU
		{0018DA90-BBB2-491D-A6C3-086F21D7C29A}.Release|Any CPU.Build.0 = Release|Any CPU
		{0018DA90-BBB2-491D-A6C3-086F21D7C29A}.Release|x64.ActiveCfg = Release|Any CPU
		{0018DA90-BBB2-491D-A6C3-086F21D7C29A}.Release|x64.Build.0 = Release|Any CPU
		{0018DA90-BBB2-491D-A6C3-086F21D7C29A}.Release|x86.ActiveCfg = Release|Any CPU
		{0018DA90-BBB2-491D-A6C3-086F21D7C29A}.Release|x86.Build.0 = Release|Any CPU
		{AC0ADC7D-3A78-4937-80B0-F8AA3B7B17BD}.Debug|Any CPU.ActiveCfg = Debug|Any CPU
		{AC0ADC7D-3A78-4937-80B0-F8AA3B7B17BD}.Debug|Any CPU.Build.0 = Debug|Any CPU
		{AC0ADC7D-3A78-4937-80B0-F8AA3B7B17BD}.Debug|x64.ActiveCfg = Debug|Any CPU
		{AC0ADC7D-3A78-4937-80B0-F8AA3B7B17BD}.Debug|x64.Build.0 = Debug|Any CPU
		{AC0ADC7D-3A78-4937-80B0-F8AA3B7B17BD}.Debug|x86.ActiveCfg = Debug|Any CPU
		{AC0ADC7D-3A78-4937-80B0-F8AA3B7B17BD}.Debug|x86.Build.0 = Debug|Any CPU
		{AC0ADC7D-3A78-4937-80B0-F8AA3B7B17BD}.Release|Any CPU.ActiveCfg = Release|Any CPU
		{AC0ADC7D-3A78-4937-80B0-F8AA3B7B17BD}.Release|Any CPU.Build.0 = Release|Any CPU
		{AC0ADC7D-3A78-4937-80B0-F8AA3B7B17BD}.Release|x64.ActiveCfg = Release|Any CPU
		{AC0ADC7D-3A78-4937-80B0-F8AA3B7B17BD}.Release|x64.Build.0 = Release|Any CPU
		{AC0ADC7D-3A78-4937-80B0-F8AA3B7B17BD}.Release|x86.ActiveCfg = Release|Any CPU
		{AC0ADC7D-3A78-4937-80B0-F8AA3B7B17BD}.Release|x86.Build.0 = Release|Any CPU
		{57B34D19-E2FF-4F5B-A031-7924E23DCFA5}.Debug|Any CPU.ActiveCfg = Debug|Any CPU
		{57B34D19-E2FF-4F5B-A031-7924E23DCFA5}.Debug|Any CPU.Build.0 = Debug|Any CPU
		{57B34D19-E2FF-4F5B-A031-7924E23DCFA5}.Debug|x64.ActiveCfg = Debug|Any CPU
		{57B34D19-E2FF-4F5B-A031-7924E23DCFA5}.Debug|x64.Build.0 = Debug|Any CPU
		{57B34D19-E2FF-4F5B-A031-7924E23DCFA5}.Debug|x86.ActiveCfg = Debug|Any CPU
		{57B34D19-E2FF-4F5B-A031-7924E23DCFA5}.Debug|x86.Build.0 = Debug|Any CPU
		{57B34D19-E2FF-4F5B-A031-7924E23DCFA5}.Release|Any CPU.ActiveCfg = Release|Any CPU
		{57B34D19-E2FF-4F5B-A031-7924E23DCFA5}.Release|Any CPU.Build.0 = Release|Any CPU
		{57B34D19-E2FF-4F5B-A031-7924E23DCFA5}.Release|x64.ActiveCfg = Release|Any CPU
		{57B34D19-E2FF-4F5B-A031-7924E23DCFA5}.Release|x64.Build.0 = Release|Any CPU
		{57B34D19-E2FF-4F5B-A031-7924E23DCFA5}.Release|x86.ActiveCfg = Release|Any CPU
		{57B34D19-E2FF-4F5B-A031-7924E23DCFA5}.Release|x86.Build.0 = Release|Any CPU
	EndGlobalSection
	GlobalSection(NestedProjects) = preSolution
		{AC0ADC7D-3A78-4937-80B0-F8AA3B7B17BD} = {A57B307A-A240-4F4F-A3A8-A078093B2809}
		{57B34D19-E2FF-4F5B-A031-7924E23DCFA5} = {A57B307A-A240-4F4F-A3A8-A078093B2809}
	EndGlobalSection
EndGlobal
